
Microsoft Visual Studio Solution File, Format Version 12.00
# Visual Studio Version 17
VisualStudioVersion = 17.3.32825.248
MinimumVisualStudioVersion = 10.0.40219.1
Project("{FAE04EC0-301F-11D3-BF4B-00C04F79EFBC}") = "Exec_DeclareString", "Exec_DeclareString\Exec_DeclareString.csproj", "{0E242D4B-E1B4-4DCD-A5CF-F6C208CBF789}"
EndProject
Global
	GlobalSection(SolutionConfigurationPlatforms) = preSolution
		Debug|Any CPU = Debug|Any CPU
		Release|Any CPU = Release|Any CPU
	EndGlobalSection
	GlobalSection(ProjectConfigurationPlatforms) = postSolution
		{0E242D4B-E1B4-4DCD-A5CF-F6C208CBF789}.Debug|Any CPU.ActiveCfg = Debug|Any CPU
		{0E242D4B-E1B4-4DCD-A5CF-F6C208CBF789}.Debug|Any CPU.Build.0 = Debug|Any CPU
		{0E242D4B-E1B4-4DCD-A5CF-F6C208CBF789}.Release|Any CPU.ActiveCfg = Release|Any CPU
		{0E242D4B-E1B4-4DCD-A5CF-F6C208CBF789}.Release|Any CPU.Build.0 = Release|Any CPU
	EndGlobalSection
	GlobalSection(SolutionProperties) = preSolution
		HideSolutionNode = FALSE
	EndGlobalSection
	GlobalSection(ExtensibilityGlobals) = postSolution
		SolutionGuid = {50DDD9A6-BE97-4045-8C31-3C9CE296B537}
	EndGlobalSection
EndGlobal
